// !$*UTF8*$!
{
	archiveVersion = 1;
	classes = {
	};
	objectVersion = 77;
	objects = {

/* Begin PBXContainerItemProxy section */
		183577D22F55583200C6419E /* PBXContainerItemProxy */ = {
			isa = PBXContainerItemProxy;
			containerPortal = 183577AE2F55582F00C6419E /* Project object */;
			proxyType = 1;
			remoteGlobalIDString = 183577B52F55582F00C6419E;
			remoteInfo = QQTabBarController;
		};
		183577DC2F55583200C6419E /* PBXContainerItemProxy */ = {
			isa = PBXContainerItemProxy;
			containerPortal = 183577AE2F55582F00C6419E /* Project object */;
			proxyType = 1;
			remoteGlobalIDString = 183577B52F55582F00C6419E;
			remoteInfo = QQTabBarController;
		};
/* End PBXContainerItemProxy section */

/* Begin PBXFileReference section */
		183577B62F55582F00C6419E /* QQTabBarController.app */ = {isa = PBXFileReference; explicitFileType = wrapper.application; includeInIndex = 0; path = QQTabBarController.app; sourceTree = BUILT_PRODUCTS_DIR; };
		183577D12F55583200C6419E /* QQTabBarControllerTests.xctest */ = {isa = PBXFileReference; explicitFileType = wrapper.cfbundle; includeInIndex = 0; path = QQTabBarControllerTests.xctest; sourceTree = BUILT_PRODUCTS_DIR; };
		183577DB2F55583200C6419E /* QQTabBarControllerUITests.xctest */ = {isa = PBXFileReference; explicitFileType = wrapper.cfbundle; includeInIndex = 0; path = QQTabBarControllerUITests.xctest; sourceTree = BUILT_PRODUCTS_DIR; };
/* End PBXFileReference section */

/* Begin PBXFileSystemSynchronizedBuildFileExceptionSet section */
		183577E32F55583200C6419E /* Exceptions for "QQTabBarController" folder in "QQTabBarController" target */ = {
			isa = PBXFileSystemSynchronizedBuildFileExceptionSet;
			membershipExceptions = (
				Info.plist,
			);
			target = 183577B52F55582F00C6419E /* QQTabBarController */;
		};
/* End PBXFileSystemSynchronizedBuildFileExceptionSet section */

/* Begin PBXFileSystemSynchronizedRootGroup section */
		183577B82F55582F00C6419E /* QQTabBarController */ = {
			isa = PBXFileSystemSynchronizedRootGroup;
			exceptions = (
				183577E32F55583200C6419E /* Exceptions for "QQTabBarController" folder in "QQTabBarController" target */,
			);
			path = QQTabBarController;
			sourceTree = "<group>";
		};
		183577D42F55583200C6419E /* QQTabBarControllerTests */ = {
			isa = PBXFileSystemSynchronizedRootGroup;
			path = QQTabBarControllerTests;
			sourceTree = "<group>";
		};
		183577DE2F55583200C6419E /* QQTabBarControllerUITests */ = {
			isa = PBXFileSystemSynchronizedRootGroup;
			path = QQTabBarControllerUITests;
			sourceTree = "<group>";
		};
/* End PBXFileSystemSynchronizedRootGroup section */

/* Begin PBXFrameworksBuildPhase section */
		183577B32F55582F00C6419E /* Frameworks */ = {
			isa = PBXFrameworksBuildPhase;
			buildActionMask = 2147483647;
			files = (
			);
			runOnlyForDeploymentPostprocessing = 0;
		};
		183577CE2F55583200C6419E /* Frameworks */ = {
			isa = PBXFrameworksBuildPhase;
			buildActionMask = 2147483647;
			files = (
			);
			runOnlyForDeploymentPostprocessing = 0;
		};
		183577D82F55583200C6419E /* Frameworks */ = {
			isa = PBXFrameworksBuildPhase;
			buildActionMask = 2147483647;
			files = (
			);
			runOnlyForDeploymentPostprocessing = 0;
		};
/* End PBXFrameworksBuildPhase section */

/* Begin PBXGroup section */
		183577AD2F55582F00C6419E = {
			isa = PBXGroup;
			children = (
				183577B82F55582F00C6419E /* QQTabBarController */,
				183577D42F55583200C6419E /* QQTabBarControllerTests */,
				183577DE2F55583200C6419E /* QQTabBarControllerUITests */,
				183577B72F55582F00C6419E /* Products */,
			);
			sourceTree = "<group>";
		};
		183577B72F55582F00C6419E /* Products */ = {
			isa = PBXGroup;
			children = (
				183577B62F55582F00C6419E /* QQTabBarController.app */,
				183577D12F55583200C6419E /* QQTabBarControllerTests.xctest */,
				183577DB2F55583200C6419E /* QQTabBarControllerUITests.xctest */,
			);
			name = Products;
			sourceTree = "<group>";
		};
/* End PBXGroup section */

/* Begin PBXNativeTarget section */
		183577B52F55582F00C6419E /* QQTabBarController */ = {
			isa = PBXNativeTarget;
			buildConfigurationList = 183577E42F55583200C6419E /* Build configuration list for PBXNativeTarget "QQTabBarController" */;
			buildPhases = (
				183577B22F55582F00C6419E /* Sources */,
				183577B32F55582F00C6419E /* Frameworks */,
				183577B42F55582F00C6419E /* Resources */,
			);
			buildRules = (
			);
			dependencies = (
			);
			fileSystemSynchronizedGroups = (
				183577B82F55582F00C6419E /* QQTabBarController */,
			);
			name = QQTabBarController;
			packageProductDependencies = (
			);
			productName = QQTabBarController;
			productReference = 183577B62F55582F00C6419E /* QQTabBarController.app */;
			productType = "com.apple.product-type.application";
		};
		183577D02F55583200C6419E /* QQTabBarControllerTests */ = {
			isa = PBXNativeTarget;
			buildConfigurationList = 183577E92F55583200C6419E /* Build configuration list for PBXNativeTarget "QQTabBarControllerTests" */;
			buildPhases = (
				183577CD2F55583200C6419E /* Sources */,
				183577CE2F55583200C6419E /* Frameworks */,
				183577CF2F55583200C6419E /* Resources */,
			);
			buildRules = (
			);
			dependencies = (
				183577D32F55583200C6419E /* PBXTargetDependency */,
			);
			fileSystemSynchronizedGroups = (
				183577D42F55583200C6419E /* QQTabBarControllerTests */,
			);
			name = QQTabBarControllerTests;
			packageProductDependencies = (
			);
			productName = QQTabBarControllerTests;
			productReference = 183577D12F55583200C6419E /* QQTabBarControllerTests.xctest */;
			productType = "com.apple.product-type.bundle.unit-test";
		};
		183577DA2F55583200C6419E /* QQTabBarControllerUITests */ = {
			isa = PBXNativeTarget;
			buildConfigurationList = 183577EC2F55583200C6419E /* Build configuration list for PBXNativeTarget "QQTabBarControllerUITests" */;
			buildPhases = (
				183577D72F55583200C6419E /* Sources */,
				183577D82F55583200C6419E /* Frameworks */,
				183577D92F55583200C6419E /* Resources */,
			);
			buildRules = (
			);
			dependencies = (
				183577DD2F55583200C6419E /* PBXTargetDependency */,
			);
			fileSystemSynchronizedGroups = (
				183577DE2F55583200C6419E /* QQTabBarControllerUITests */,
			);
			name = QQTabBarControllerUITests;
			packageProductDependencies = (
			);
			productName = QQTabBarControllerUITests;
			productReference = 183577DB2F55583200C6419E /* QQTabBarControllerUITests.xctest */;
			productType = "com.apple.product-type.bundle.ui-testing";
		};
/* End PBXNativeTarget section */

/* Begin PBXProject section */
		183577AE2F55582F00C6419E /* Project object */ = {
			isa = PBXProject;
			attributes = {
				BuildIndependentTargetsInParallel = 1;
				LastUpgradeCheck = 2630;
				TargetAttributes = {
					183577B52F55582F00C6419E = {
						CreatedOnToolsVersion = 26.3;
					};
					183577D02F55583200C6419E = {
						CreatedOnToolsVersion = 26.3;
						TestTargetID = 183577B52F55582F00C6419E;
					};
					183577DA2F55583200C6419E = {
						CreatedOnToolsVersion = 26.3;
						TestTargetID = 183577B52F55582F00C6419E;
					};
				};
			};
			buildConfigurationList = 183577B12F55582F00C6419E /* Build configuration list for PBXProject "QQTabBarController" */;
			developmentRegion = en;
			hasScannedForEncodings = 0;
			knownRegions = (
				en,
				Base,
			);
			mainGroup = 183577AD2F55582F00C6419E;
			minimizedProjectReferenceProxies = 1;
			preferredProjectObjectVersion = 77;
			productRefGroup = 183577B72F55582F00C6419E /* Products */;
			projectDirPath = "";
			projectRoot = "";
			targets = (
				183577B52F55582F00C6419E /* QQTabBarController */,
				183577D02F55583200C6419E /* QQTabBarControllerTests */,
				183577DA2F55583200C6419E /* QQTabBarControllerUITests */,
			);
		};
/* End PBXProject section */

/* Begin PBXResourcesBuildPhase section */
		183577B42F55582F00C6419E /* Resources */ = {
			isa = PBXResourcesBuildPhase;
			buildActionMask = 2147483647;
			files = (
			);
			runOnlyForDeploymentPostprocessing = 0;
		};
		183577CF2F55583200C6419E /* Resources */ = {
			isa = PBXResourcesBuildPhase;
			buildActionMask = 2147483647;
			files = (
			);
			runOnlyForDeploymentPostprocessing = 0;
		};
		183577D92F55583200C6419E /* Resources */ = {
			isa = PBXResourcesBuildPhase;
			buildActionMask = 2147483647;
			files = (
			);
			runOnlyForDeploymentPostprocessing = 0;
		};
/* End PBXResourcesBuildPhase section */

/* Begin PBXSourcesBuildPhase section */
		183577B22F55582F00C6419E /* Sources */ = {
			isa = PBXSourcesBuildPhase;
			buildActionMask = 2147483647;
			files = (
			);
			runOnlyForDeploymentPostprocessing = 0;
		};
		183577CD2F55583200C6419E /* Sources */ = {
			isa = PBXSourcesBuildPhase;
			buildActionMask = 2147483647;
			files = (
			);
			runOnlyForDeploymentPostprocessing = 0;
		};
		183577D72F55583200C6419E /* Sources */ = {
			isa = PBXSourcesBuildPhase;
			buildActionMask = 2147483647;
			files = (
			);
			runOnlyForDeploymentPostprocessing = 0;
		};
/* End PBXSourcesBuildPhase section */

/* Begin PBXTargetDependency section */
		183577D32F55583200C6419E /* PBXTargetDependency */ = {
			isa = PBXTargetDependency;
			target = 183577B52F55582F00C6419E /* QQTabBarController */;
			targetProxy = 183577D22F55583200C6419E /* PBXContainerItemProxy */;
		};
		183577DD2F55583200C6419E /* PBXTargetDependency */ = {
			isa = PBXTargetDependency;
			target = 183577B52F55582F00C6419E /* QQTabBarController */;
			targetProxy = 183577DC2F55583200C6419E /* PBXContainerItemProxy */;
		};
/* End PBXTargetDependency section */

/* Begin XCBuildConfiguration section */
		183577E52F55583200C6419E /* Debug */ = {
			isa = XCBuildConfiguration;
			buildSettings = {
				ASSETCATALOG_COMPILER_APPICON_NAME = AppIcon;
				ASSETCATALOG_COMPILER_GLOBAL_ACCENT_COLOR_NAME = AccentColor;
				CODE_SIGN_STYLE = Automatic;
				CURRENT_PROJECT_VERSION = 1;
				GENERATE_INFOPLIST_FILE = YES;
				INFOPLIST_FILE = QQTabBarController/Info.plist;
				INFOPLIST_KEY_UIApplicationSupportsIndirectInputEvents = YES;
				INFOPLIST_KEY_UILaunchStoryboardName = LaunchScreen;
				INFOPLIST_KEY_UIMainStoryboardFile = Main;
				INFOPLIST_KEY_UISupportedInterfaceOrientations_iPad = "UIInterfaceOrientationPortrait UIInterfaceOrientationPortraitUpsideDown UIInterfaceOrientationLandscapeLeft UIInterfaceOrientationLandscapeRight";
				INFOPLIST_KEY_UISupportedInterfaceOrientations_iPhone = "UIInterfaceOrientationPortrait UIInterfaceOrientationLandscapeLeft UIInterfaceOrientationLandscapeRight";
				IPHONEOS_DEPLOYMENT_TARGET = 13.0;
				LD_RUNPATH_SEARCH_PATHS = (
					"$(inherited)",
					"@executable_path/Frameworks",
				);
				MARKETING_VERSION = 1.0;
				PRODUCT_BUNDLE_IDENTIFIER = com.xuze.demo;
				PRODUCT_NAME = "$(TARGET_NAME)";
				STRING_CATALOG_GENERATE_SYMBOLS = YES;
				SWIFT_EMIT_LOC_STRINGS = YES;
				TARGETED_DEVICE_FAMILY = "1,2";
			};
			name = Debug;
		};
		183577E62F55583200C6419E /* Release */ = {
			isa = XCBuildConfiguration;
			buildSettings = {
				ASSETCATALOG_COMPILER_APPICON_NAME = AppIcon;
				ASSETCATALOG_COMPILER_GLOBAL_ACCENT_COLOR_NAME = AccentColor;
				CODE_SIGN_STYLE = Automatic;
				CURRENT_PROJECT_VERSION = 1;
				GENERATE_INFOPLIST_FILE = YES;
				INFOPLIST_FILE = QQTabBarController/Info.plist;
				INFOPLIST_KEY_UIApplicationSupportsIndirectInputEvents = YES;
				INFOPLIST_KEY_UILaunchStoryboardName = LaunchScreen;
				INFOPLIST_KEY_UIMainStoryboardFile = Main;
				INFOPLIST_KEY_UISupportedInterfaceOrientations_iPad = "UIInterfaceOrientationPortrait UIInterfaceOrientationPortraitUpsideDown UIInterfaceOrientationLandscapeLeft UIInterfaceOrientationLandscapeRight";
				INFOPLIST_KEY_UISupportedInterfaceOrientations_iPhone = "UIInterfaceOrientationPortrait UIInterfaceOrientationLandscapeLeft UIInterfaceOrientationLandscapeRight";
				IPHONEOS_DEPLOYMENT_TARGET = 13.0;
				LD_RUNPATH_SEARCH_PATHS = (
					"$(inherited)",
					"@executable_path/Frameworks",
				);
				MARKETING_VERSION = 1.0;
				PRODUCT_BUNDLE_IDENTIFIER = com.xuze.demo;
				PRODUCT_NAME = "$(TARGET_NAME)";
				STRING_CATALOG_GENERATE_SYMBOLS = YES;
				SWIFT_EMIT_LOC_STRINGS = YES;
				TARGETED_DEVICE_FAMILY = "1,2";
			};
			name = Release;
		};
		183577E72F55583200C6419E /* Debug */ = {
			isa = XCBuildConfiguration;
			buildSettings = {
				ALWAYS_SEARCH_USER_PATHS = NO;
				ASSETCATALOG_COMPILER_GENERATE_SWIFT_ASSET_SYMBOL_EXTENSIONS = YES;
				CLANG_ANALYZER_NONNULL = YES;
				CLANG_ANALYZER_NUMBER_OBJECT_CONVERSION = YES_AGGRESSIVE;
				CLANG_CXX_LANGUAGE_STANDARD = "gnu++20";
				CLANG_ENABLE_MODULES = YES;
				CLANG_ENABLE_OBJC_ARC = YES;
				CLANG_ENABLE_OBJC_WEAK = YES;
				CLANG_WARN_BLOCK_CAPTURE_AUTORELEASING = YES;
				CLANG_WARN_BOOL_CONVERSION = YES;
				CLANG_WARN_COMMA = YES;
				CLANG_WARN_CONSTANT_CONVERSION = YES;
				CLANG_WARN_DEPRECATED_OBJC_IMPLEMENTATIONS = YES;
				CLANG_WARN_DIRECT_OBJC_ISA_USAGE = YES_ERROR;
				CLANG_WARN_DOCUMENTATION_COMMENTS = YES;
				CLANG_WARN_EMPTY_BODY = YES;
				CLANG_WARN_ENUM_CONVERSION = YES;
				CLANG_WARN_INFINITE_RECURSION = YES;
				CLANG_WARN_INT_CONVERSION = YES;
				CLANG_WARN_NON_LITERAL_NULL_CONVERSION = YES;
				CLANG_WARN_OBJC_IMPLICIT_RETAIN_SELF = YES;
				CLANG_WARN_OBJC_LITERAL_CONVERSION = YES;
				CLANG_WARN_OBJC_ROOT_CLASS = YES_ERROR;
				CLANG_WARN_QUOTED_INCLUDE_IN_FRAMEWORK_HEADER = YES;
				CLANG_WARN_RANGE_LOOP_ANALYSIS = YES;
				CLANG_WARN_STRICT_PROTOTYPES = YES;
				CLANG_WARN_SUSPICIOUS_MOVE = YES;
				CLANG_WARN_UNGUARDED_AVAILABILITY = YES_AGGRESSIVE;
				CLANG_WARN_UNREACHABLE_CODE = YES;
				CLANG_WARN__DUPLICATE_METHOD_MATCH = YES;
				COPY_PHASE_STRIP = NO;
				DEBUG_INFORMATION_FORMAT = dwarf;
				ENABLE_STRICT_OBJC_MSGSEND = YES;
				ENABLE_TESTABILITY = YES;
				ENABLE_USER_SCRIPT_SANDBOXING = YES;
				GCC_C_LANGUAGE_STANDARD = gnu17;
				GCC_DYNAMIC_NO_PIC = NO;
				GCC_NO_COMMON_BLOCKS = YES;
				GCC_OPTIMIZATION_LEVEL = 0;
				GCC_PREPROCESSOR_DEFINITIONS = (
					"DEBUG=1",
					"$(inherited)",
				);
				GCC_WARN_64_TO_32_BIT_CONVERSION = YES;
				GCC_WARN_ABOUT_RETURN_TYPE = YES_ERROR;
				GCC_WARN_UNDECLARED_SELECTOR = YES;
				GCC_WARN_UNINITIALIZED_AUTOS = YES_AGGRESSIVE;
				GCC_WARN_UNUSED_FUNCTION = YES;
				GCC_WARN_UNUSED_VARIABLE = YES;
				IPHONEOS_DEPLOYMENT_TARGET = 26.2;
				LOCALIZATION_PREFERS_STRING_CATALOGS = YES;
				MTL_ENABLE_DEBUG_INFO = INCLUDE_SOURCE;
				MTL_FAST_MATH = YES;
				ONLY_ACTIVE_ARCH = YES;
				SDKROOT = iphoneos;
			};
			name = Debug;
		};
		183577E82F55583200C6419E /* Release */ = {
			isa = XCBuildConfiguration;
			buildSettings = {
				ALWAYS_SEARCH_USER_PATHS = NO;
				ASSETCATALOG_COMPILER_GENERATE_SWIFT_ASSET_SYMBOL_EXTENSIONS = YES;
				CLANG_ANALYZER_NONNULL = YES;
				CLANG_ANALYZER_NUMBER_OBJECT_CONVERSION = YES_AGGRESSIVE;
				CLANG_CXX_LANGUAGE_STANDARD = "gnu++20";
				CLANG_ENABLE_MODULES = YES;
				CLANG_ENABLE_OBJC_ARC = YES;
				CLANG_ENABLE_OBJC_WEAK = YES;
				CLANG_WARN_BLOCK_CAPTURE_AUTORELEASING = YES;
				CLANG_WARN_BOOL_CONVERSION = YES;
				CLANG_WARN_COMMA = YES;
				CLANG_WARN_CONSTANT_CONVERSION = YES;
				CLANG_WARN_DEPRECATED_OBJC_IMPLEMENTATIONS = YES;
				CLANG_WARN_DIRECT_OBJC_ISA_USAGE = YES_ERROR;
				CLANG_WARN_DOCUMENTATION_COMMENTS = YES;
				CLANG_WARN_EMPTY_BODY = YES;
				CLANG_WARN_ENUM_CONVERSION = YES;
				CLANG_WARN_INFINITE_RECURSION = YES;
				CLANG_WARN_INT_CONVERSION = YES;
				CLANG_WARN_NON_LITERAL_NULL_CONVERSION = YES;
				CLANG_WARN_OBJC_IMPLICIT_RETAIN_SELF = YES;
				CLANG_WARN_OBJC_LITERAL_CONVERSION = YES;
				CLANG_WARN_OBJC_ROOT_CLASS = YES_ERROR;
				CLANG_WARN_QUOTED_INCLUDE_IN_FRAMEWORK_HEADER = YES;
				CLANG_WARN_RANGE_LOOP_ANALYSIS = YES;
				CLANG_WARN_STRICT_PROTOTYPES = YES;
				CLANG_WARN_SUSPICIOUS_MOVE = YES;
				CLANG_WARN_UNGUARDED_AVAILABILITY = YES_AGGRESSIVE;
				CLANG_WARN_UNREACHABLE_CODE = YES;
				CLANG_WARN__DUPLICATE_METHOD_MATCH = YES;
				COPY_PHASE_STRIP = NO;
				DEBUG_INFORMATION_FORMAT = "dwarf-with-dsym";
				ENABLE_NS_ASSERTIONS = NO;
				ENABLE_STRICT_OBJC_MSGSEND = YES;
				ENABLE_USER_SCRIPT_SANDBOXING = YES;
				GCC_C_LANGUAGE_STANDARD = gnu17;
				GCC_NO_COMMON_BLOCKS = YES;
				GCC_WARN_64_TO_32_BIT_CONVERSION = YES;
				GCC_WARN_ABOUT_RETURN_TYPE = YES_ERROR;
				GCC_WARN_UNDECLARED_SELECTOR = YES;
				GCC_WARN_UNINITIALIZED_AUTOS = YES_AGGRESSIVE;
				GCC_WARN_UNUSED_FUNCTION = YES;
				GCC_WARN_UNUSED_VARIABLE = YES;
				IPHONEOS_DEPLOYMENT_TARGET = 26.2;
				LOCALIZATION_PREFERS_STRING_CATALOGS = YES;
				MTL_ENABLE_DEBUG_INFO = NO;
				MTL_FAST_MATH = YES;
				SDKROOT = iphoneos;
				VALIDATE_PRODUCT = YES;
			};
			name = Release;
		};
		183577EA2F55583200C6419E /* Debug */ = {
			isa = XCBuildConfiguration;
			buildSettings = {
				BUNDLE_LOADER = "$(TEST_HOST)";
				CODE_SIGN_STYLE = Automatic;
				CURRENT_PROJECT_VERSION = 1;
				GENERATE_INFOPLIST_FILE = YES;
				IPHONEOS_DEPLOYMENT_TARGET = 26.2;
				MARKETING_VERSION = 1.0;
				PRODUCT_BUNDLE_IDENTIFIER = com.xuze.demo.QQTabBarControllerTests;
				PRODUCT_NAME = "$(TARGET_NAME)";
				STRING_CATALOG_GENERATE_SYMBOLS = NO;
				SWIFT_EMIT_LOC_STRINGS = NO;
				TARGETED_DEVICE_FAMILY = "1,2";
				TEST_HOST = "$(BUILT_PRODUCTS_DIR)/QQTabBarController.app/$(BUNDLE_EXECUTABLE_FOLDER_PATH)/QQTabBarController";
			};
			name = Debug;
		};
		183577EB2F55583200C6419E /* Release */ = {
			isa = XCBuildConfiguration;
			buildSettings = {
				BUNDLE_LOADER = "$(TEST_HOST)";
				CODE_SIGN_STYLE = Automatic;
				CURRENT_PROJECT_VERSION = 1;
				GENERATE_INFOPLIST_FILE = YES;
				IPHONEOS_DEPLOYMENT_TARGET = 26.2;
				MARKETING_VERSION = 1.0;
				PRODUCT_BUNDLE_IDENTIFIER = com.xuze.demo.QQTabBarControllerTests;
				PRODUCT_NAME = "$(TARGET_NAME)";
				STRING_CATALOG_GENERATE_SYMBOLS = NO;
				SWIFT_EMIT_LOC_STRINGS = NO;
				TARGETED_DEVICE_FAMILY = "1,2";
				TEST_HOST = "$(BUILT_PRODUCTS_DIR)/QQTabBarController.app/$(BUNDLE_EXECUTABLE_FOLDER_PATH)/QQTabBarController";
			};
			name = Release;
		};
		183577ED2F55583200C6419E /* Debug */ = {
			isa = XCBuildConfiguration;
			buildSettings = {
				CODE_SIGN_STYLE = Automatic;
				CURRENT_PROJECT_VERSION = 1;
				GENERATE_INFOPLIST_FILE = YES;
				MARKETING_VERSION = 1.0;
				PRODUCT_BUNDLE_IDENTIFIER = com.xuze.demo.QQTabBarControllerUITests;
				PRODUCT_NAME = "$(TARGET_NAME)";
				STRING_CATALOG_GENERATE_SYMBOLS = NO;
				SWIFT_EMIT_LOC_STRINGS = NO;
				TARGETED_DEVICE_FAMILY = "1,2";
				TEST_TARGET_NAME = QQTabBarController;
			};
			name = Debug;
		};
		183577EE2F55583200C6419E /* Release */ = {
			isa = XCBuildConfiguration;
			buildSettings = {
				CODE_SIGN_STYLE = Automatic;
				CURRENT_PROJECT_VERSION = 1;
				GENERATE_INFOPLIST_FILE = YES;
				MARKETING_VERSION = 1.0;
				PRODUCT_BUNDLE_IDENTIFIER = com.xuze.demo.QQTabBarControllerUITests;
				PRODUCT_NAME = "$(TARGET_NAME)";
				STRING_CATALOG_GENERATE_SYMBOLS = NO;
				SWIFT_EMIT_LOC_STRINGS = NO;
				TARGETED_DEVICE_FAMILY = "1,2";
				TEST_TARGET_NAME = QQTabBarController;
			};
			name = Release;
		};
/* End XCBuildConfiguration section */

/* Begin XCConfigurationList section */
		183577B12F55582F00C6419E /* Build configuration list for PBXProject "QQTabBarController" */ = {
			isa = XCConfigurationList;
			buildConfigurations = (
				183577E72F55583200C6419E /* Debug */,
				183577E82F55583200C6419E /* Release */,
			);
			defaultConfigurationIsVisible = 0;
			defaultConfigurationName = Release;
		};
		183577E42F55583200C6419E /* Build configuration list for PBXNativeTarget "QQTabBarController" */ = {
			isa = XCConfigurationList;
			buildConfigurations = (
				183577E52F55583200C6419E /* Debug */,
				183577E62F55583200C6419E /* Release */,
			);
			defaultConfigurationIsVisible = 0;
			defaultConfigurationName = Release;
		};
		183577E92F55583200C6419E /* Build configuration list for PBXNativeTarget "QQTabBarControllerTests" */ = {
			isa = XCConfigurationList;
			buildConfigurations = (
				183577EA2F55583200C6419E /* Debug */,
				183577EB2F55583200C6419E /* Release */,
			);
			defaultConfigurationIsVisible = 0;
			defaultConfigurationName = Release;
		};
		183577EC2F55583200C6419E /* Build configuration list for PBXNativeTarget "QQTabBarControllerUITests" */ = {
			isa = XCConfigurationList;
			buildConfigurations = (
				183577ED2F55583200C6419E /* Debug */,
				183577EE2F55583200C6419E /* Release */,
			);
			defaultConfigurationIsVisible = 0;
			defaultConfigurationName = Release;
		};
/* End XCConfigurationList section */
	};
	rootObject = 183577AE2F55582F00C6419E /* Project object */;
}
