// !$*UTF8*$!
{
	archiveVersion = 1;
	classes = {
	};
	objectVersion = 77;
	objects = {

/* Begin PBXBuildFile section */
		189643EF2FAD8E5D0077DD44 /* Assets.xcassets in Resources */ = {isa = PBXBuildFile; fileRef = 189643E32FAD8E5D0077DD44 /* Assets.xcassets */; };
		189643F12FAD8E5D0077DD44 /* LaunchScreen.storyboard in Resources */ = {isa = PBXBuildFile; fileRef = 189643E62FAD8E5D0077DD44 /* LaunchScreen.storyboard */; };
		189643F22FAD8E5D0077DD44 /* Main.storyboard in Resources */ = {isa = PBXBuildFile; fileRef = 189643E92FAD8E5D0077DD44 /* Main.storyboard */; };
		189643F32FAD8E5D0077DD44 /* NNTabBar.m in Sources */ = {isa = PBXBuildFile; fileRef = 189643D22FAD8E5D0077DD44 /* NNTabBar.m */; };
		189643F42FAD8E5D0077DD44 /* NNTabBarController.m in Sources */ = {isa = PBXBuildFile; fileRef = 189643D42FAD8E5D0077DD44 /* NNTabBarController.m */; };
		189643F52FAD8E5D0077DD44 /* SystemTabBarController.m in Sources */ = {isa = PBXBuildFile; fileRef = 189643D62FAD8E5D0077DD44 /* SystemTabBarController.m */; };
		189643F62FAD8E5D0077DD44 /* ModalViewController.m in Sources */ = {isa = PBXBuildFile; fileRef = 189643D92FAD8E5D0077DD44 /* ModalViewController.m */; };
		189643F72FAD8E5D0077DD44 /* TabBarDemoViewController.m in Sources */ = {isa = PBXBuildFile; fileRef = 189643DB2FAD8E5D0077DD44 /* TabBarDemoViewController.m */; };
		189643F82FAD8E5D0077DD44 /* TableViewController.m in Sources */ = {isa = PBXBuildFile; fileRef = 189643DD2FAD8E5D0077DD44 /* TableViewController.m */; };
		189643F92FAD8E5D0077DD44 /* UIImage+Extension.m in Sources */ = {isa = PBXBuildFile; fileRef = 189643DF2FAD8E5D0077DD44 /* UIImage+Extension.m */; };
		189643FA2FAD8E5D0077DD44 /* AppDelegate.m in Sources */ = {isa = PBXBuildFile; fileRef = 189643E22FAD8E5D0077DD44 /* AppDelegate.m */; };
		189643FB2FAD8E5D0077DD44 /* main.m in Sources */ = {isa = PBXBuildFile; fileRef = 189643E72FAD8E5D0077DD44 /* main.m */; };
		189643FC2FAD8E5D0077DD44 /* SceneDelegate.m in Sources */ = {isa = PBXBuildFile; fileRef = 189643EB2FAD8E5D0077DD44 /* SceneDelegate.m */; };
		189643FD2FAD8E5D0077DD44 /* ViewController.m in Sources */ = {isa = PBXBuildFile; fileRef = 189643ED2FAD8E5D0077DD44 /* ViewController.m */; };
		189644152FAD8E6D0077DD44 /* _QQTabBarControllerTransitionAnimator.m in Sources */ = {isa = PBXBuildFile; fileRef = 1896440A2FAD8E6D0077DD44 /* _QQTabBarControllerTransitionAnimator.m */; };
		189644162FAD8E6D0077DD44 /* QQTabBarButton.m in Sources */ = {isa = PBXBuildFile; fileRef = 189644032FAD8E6D0077DD44 /* QQTabBarButton.m */; };
		189644172FAD8E6D0077DD44 /* QQTabBar.m in Sources */ = {isa = PBXBuildFile; fileRef = 189644012FAD8E6D0077DD44 /* QQTabBar.m */; };
		189644182FAD8E6D0077DD44 /* _QQTabBarControllerTransitionContext.m in Sources */ = {isa = PBXBuildFile; fileRef = 1896440C2FAD8E6D0077DD44 /* _QQTabBarControllerTransitionContext.m */; };
		189644192FAD8E6D0077DD44 /* QQTabBarController.m in Sources */ = {isa = PBXBuildFile; fileRef = 189644112FAD8E6D0077DD44 /* QQTabBarController.m */; };
		1896441A2FAD8E6D0077DD44 /* QQTabBarItem.m in Sources */ = {isa = PBXBuildFile; fileRef = 189644052FAD8E6D0077DD44 /* QQTabBarItem.m */; };
		1896441B2FAD8E6D0077DD44 /* YYTabBarController.m in Sources */ = {isa = PBXBuildFile; fileRef = 189644132FAD8E6D0077DD44 /* YYTabBarController.m */; };
		1896441C2FAD8E6D0077DD44 /* UINavigationController+QQPrivate.m in Sources */ = {isa = PBXBuildFile; fileRef = 1896440E2FAD8E6D0077DD44 /* UINavigationController+QQPrivate.m */; };
		1896441D2FAD8E6D0077DD44 /* _QQParallaxOverlayView.m in Sources */ = {isa = PBXBuildFile; fileRef = 189644082FAD8E6D0077DD44 /* _QQParallaxOverlayView.m */; };
		1896441E2FAD8E6D0077DD44 /* QQBadgeView.m in Sources */ = {isa = PBXBuildFile; fileRef = 189643FF2FAD8E6D0077DD44 /* QQBadgeView.m */; };
/* End PBXBuildFile section */

/* Begin PBXContainerItemProxy section */
		183577D22F55583200C6419E /* PBXContainerItemProxy */ = {
			isa = PBXContainerItemProxy;
			containerPortal = 183577AE2F55582F00C6419E /* Project object */;
			proxyType = 1;
			remoteGlobalIDString = 183577B52F55582F00C6419E;
			remoteInfo = QQTabBarController;
		};
		183577DC2F55583200C6419E /* PBXContainerItemProxy */ = {
			isa = PBXContainerItemProxy;
			containerPortal = 183577AE2F55582F00C6419E /* Project object */;
			proxyType = 1;
			remoteGlobalIDString = 183577B52F55582F00C6419E;
			remoteInfo = QQTabBarController;
		};
/* End PBXContainerItemProxy section */

/* Begin PBXFileReference section */
		183577B62F55582F00C6419E /* QQTabBarController.app */ = {isa = PBXFileReference; explicitFileType = wrapper.application; includeInIndex = 0; path = QQTabBarController.app; sourceTree = BUILT_PRODUCTS_DIR; };
		183577D12F55583200C6419E /* QQTabBarControllerTests.xctest */ = {isa = PBXFileReference; explicitFileType = wrapper.cfbundle; includeInIndex = 0; path = QQTabBarControllerTests.xctest; sourceTree = BUILT_PRODUCTS_DIR; };
		183577DB2F55583200C6419E /* QQTabBarControllerUITests.xctest */ = {isa = PBXFileReference; explicitFileType = wrapper.cfbundle; includeInIndex = 0; path = QQTabBarControllerUITests.xctest; sourceTree = BUILT_PRODUCTS_DIR; };
		189643D12FAD8E5D0077DD44 /* NNTabBar.h */ = {isa = PBXFileReference; lastKnownFileType = sourcecode.c.h; path = NNTabBar.h; sourceTree = "<group>"; };
		189643D22FAD8E5D0077DD44 /* NNTabBar.m */ = {isa = PBXFileReference; lastKnownFileType = sourcecode.c.objc; path = NNTabBar.m; sourceTree = "<group>"; };
		189643D32FAD8E5D0077DD44 /* NNTabBarController.h */ = {isa = PBXFileReference; lastKnownFileType = sourcecode.c.h; path = NNTabBarController.h; sourceTree = "<group>"; };
		189643D42FAD8E5D0077DD44 /* NNTabBarController.m */ = {isa = PBXFileReference; lastKnownFileType = sourcecode.c.objc; path = NNTabBarController.m; sourceTree = "<group>"; };
		189643D52FAD8E5D0077DD44 /* SystemTabBarController.h */ = {isa = PBXFileReference; lastKnownFileType = sourcecode.c.h; path = SystemTabBarController.h; sourceTree = "<group>"; };
		189643D62FAD8E5D0077DD44 /* SystemTabBarController.m */ = {isa = PBXFileReference; lastKnownFileType = sourcecode.c.objc; path = SystemTabBarController.m; sourceTree = "<group>"; };
		189643D82FAD8E5D0077DD44 /* ModalViewController.h */ = {isa = PBXFileReference; lastKnownFileType = sourcecode.c.h; path = ModalViewController.h; sourceTree = "<group>"; };
		189643D92FAD8E5D0077DD44 /* ModalViewController.m */ = {isa = PBXFileReference; lastKnownFileType = sourcecode.c.objc; path = ModalViewController.m; sourceTree = "<group>"; };
		189643DA2FAD8E5D0077DD44 /* TabBarDemoViewController.h */ = {isa = PBXFileReference; lastKnownFileType = sourcecode.c.h; path = TabBarDemoViewController.h; sourceTree = "<group>"; };
		189643DB2FAD8E5D0077DD44 /* TabBarDemoViewController.m */ = {isa = PBXFileReference; lastKnownFileType = sourcecode.c.objc; path = TabBarDemoViewController.m; sourceTree = "<group>"; };
		189643DC2FAD8E5D0077DD44 /* TableViewController.h */ = {isa = PBXFileReference; lastKnownFileType = sourcecode.c.h; path = TableViewController.h; sourceTree = "<group>"; };
		189643DD2FAD8E5D0077DD44 /* TableViewController.m */ = {isa = PBXFileReference; lastKnownFileType = sourcecode.c.objc; path = TableViewController.m; sourceTree = "<group>"; };
		189643DE2FAD8E5D0077DD44 /* UIImage+Extension.h */ = {isa = PBXFileReference; lastKnownFileType = sourcecode.c.h; path = "UIImage+Extension.h"; sourceTree = "<group>"; };
		189643DF2FAD8E5D0077DD44 /* UIImage+Extension.m */ = {isa = PBXFileReference; lastKnownFileType = sourcecode.c.objc; path = "UIImage+Extension.m"; sourceTree = "<group>"; };
		189643E12FAD8E5D0077DD44 /* AppDelegate.h */ = {isa = PBXFileReference; lastKnownFileType = sourcecode.c.h; path = AppDelegate.h; sourceTree = "<group>"; };
		189643E22FAD8E5D0077DD44 /* AppDelegate.m */ = {isa = PBXFileReference; lastKnownFileType = sourcecode.c.objc; path = AppDelegate.m; sourceTree = "<group>"; };
		189643E32FAD8E5D0077DD44 /* Assets.xcassets */ = {isa = PBXFileReference; lastKnownFileType = folder.assetcatalog; path = Assets.xcassets; sourceTree = "<group>"; };
		189643E42FAD8E5D0077DD44 /* Info.plist */ = {isa = PBXFileReference; lastKnownFileType = text.plist.xml; path = Info.plist; sourceTree = "<group>"; };
		189643E52FAD8E5D0077DD44 /* Base */ = {isa = PBXFileReference; lastKnownFileType = file.storyboard; name = Base; path = Base.lproj/LaunchScreen.storyboard; sourceTree = "<group>"; };
		189643E72FAD8E5D0077DD44 /* main.m */ = {isa = PBXFileReference; lastKnownFileType = sourcecode.c.objc; path = main.m; sourceTree = "<group>"; };
		189643E82FAD8E5D0077DD44 /* Base */ = {isa = PBXFileReference; lastKnownFileType = file.storyboard; name = Base; path = Base.lproj/Main.storyboard; sourceTree = "<group>"; };
		189643EA2FAD8E5D0077DD44 /* SceneDelegate.h */ = {isa = PBXFileReference; lastKnownFileType = sourcecode.c.h; path = SceneDelegate.h; sourceTree = "<group>"; };
		189643EB2FAD8E5D0077DD44 /* SceneDelegate.m */ = {isa = PBXFileReference; lastKnownFileType = sourcecode.c.objc; path = SceneDelegate.m; sourceTree = "<group>"; };
		189643EC2FAD8E5D0077DD44 /* ViewController.h */ = {isa = PBXFileReference; lastKnownFileType = sourcecode.c.h; path = ViewController.h; sourceTree = "<group>"; };
		189643ED2FAD8E5D0077DD44 /* ViewController.m */ = {isa = PBXFileReference; lastKnownFileType = sourcecode.c.objc; path = ViewController.m; sourceTree = "<group>"; };
		189643FE2FAD8E6D0077DD44 /* QQBadgeView.h */ = {isa = PBXFileReference; lastKnownFileType = sourcecode.c.h; path = QQBadgeView.h; sourceTree = "<group>"; };
		189643FF2FAD8E6D0077DD44 /* QQBadgeView.m */ = {isa = PBXFileReference; lastKnownFileType = sourcecode.c.objc; path = QQBadgeView.m; sourceTree = "<group>"; };
		189644002FAD8E6D0077DD44 /* QQTabBar.h */ = {isa = PBXFileReference; lastKnownFileType = sourcecode.c.h; path = QQTabBar.h; sourceTree = "<group>"; };
		189644012FAD8E6D0077DD44 /* QQTabBar.m */ = {isa = PBXFileReference; lastKnownFileType = sourcecode.c.objc; path = QQTabBar.m; sourceTree = "<group>"; };
		189644022FAD8E6D0077DD44 /* QQTabBarButton.h */ = {isa = PBXFileReference; lastKnownFileType = sourcecode.c.h; path = QQTabBarButton.h; sourceTree = "<group>"; };
		189644032FAD8E6D0077DD44 /* QQTabBarButton.m */ = {isa = PBXFileReference; lastKnownFileType = sourcecode.c.objc; path = QQTabBarButton.m; sourceTree = "<group>"; };
		189644042FAD8E6D0077DD44 /* QQTabBarItem.h */ = {isa = PBXFileReference; lastKnownFileType = sourcecode.c.h; path = QQTabBarItem.h; sourceTree = "<group>"; };
		189644052FAD8E6D0077DD44 /* QQTabBarItem.m */ = {isa = PBXFileReference; lastKnownFileType = sourcecode.c.objc; path = QQTabBarItem.m; sourceTree = "<group>"; };
		189644072FAD8E6D0077DD44 /* _QQParallaxOverlayView.h */ = {isa = PBXFileReference; lastKnownFileType = sourcecode.c.h; path = _QQParallaxOverlayView.h; sourceTree = "<group>"; };
		189644082FAD8E6D0077DD44 /* _QQParallaxOverlayView.m */ = {isa = PBXFileReference; lastKnownFileType = sourcecode.c.objc; path = _QQParallaxOverlayView.m; sourceTree = "<group>"; };
		189644092FAD8E6D0077DD44 /* _QQTabBarControllerTransitionAnimator.h */ = {isa = PBXFileReference; lastKnownFileType = sourcecode.c.h; path = _QQTabBarControllerTransitionAnimator.h; sourceTree = "<group>"; };
		1896440A2FAD8E6D0077DD44 /* _QQTabBarControllerTransitionAnimator.m */ = {isa = PBXFileReference; lastKnownFileType = sourcecode.c.objc; path = _QQTabBarControllerTransitionAnimator.m; sourceTree = "<group>"; };
		1896440B2FAD8E6D0077DD44 /* _QQTabBarControllerTransitionContext.h */ = {isa = PBXFileReference; lastKnownFileType = sourcecode.c.h; path = _QQTabBarControllerTransitionContext.h; sourceTree = "<group>"; };
		1896440C2FAD8E6D0077DD44 /* _QQTabBarControllerTransitionContext.m */ = {isa = PBXFileReference; lastKnownFileType = sourcecode.c.objc; path = _QQTabBarControllerTransitionContext.m; sourceTree = "<group>"; };
		1896440D2FAD8E6D0077DD44 /* UINavigationController+QQPrivate.h */ = {isa = PBXFileReference; lastKnownFileType = sourcecode.c.h; path = "UINavigationController+QQPrivate.h"; sourceTree = "<group>"; };
		1896440E2FAD8E6D0077DD44 /* UINavigationController+QQPrivate.m */ = {isa = PBXFileReference; lastKnownFileType = sourcecode.c.objc; path = "UINavigationController+QQPrivate.m"; sourceTree = "<group>"; };
		189644102FAD8E6D0077DD44 /* QQTabBarController.h */ = {isa = PBXFileReference; lastKnownFileType = sourcecode.c.h; path = QQTabBarController.h; sourceTree = "<group>"; };
		189644112FAD8E6D0077DD44 /* QQTabBarController.m */ = {isa = PBXFileReference; lastKnownFileType = sourcecode.c.objc; path = QQTabBarController.m; sourceTree = "<group>"; };
		189644122FAD8E6D0077DD44 /* YYTabBarController.h */ = {isa = PBXFileReference; lastKnownFileType = sourcecode.c.h; path = YYTabBarController.h; sourceTree = "<group>"; };
		189644132FAD8E6D0077DD44 /* YYTabBarController.m */ = {isa = PBXFileReference; lastKnownFileType = sourcecode.c.objc; path = YYTabBarController.m; sourceTree = "<group>"; };
/* End PBXFileReference section */

/* Begin PBXFileSystemSynchronizedRootGroup section */
		183577D42F55583200C6419E /* QQTabBarControllerTests */ = {
			isa = PBXFileSystemSynchronizedRootGroup;
			path = QQTabBarControllerTests;
			sourceTree = "<group>";
		};
		183577DE2F55583200C6419E /* QQTabBarControllerUITests */ = {
			isa = PBXFileSystemSynchronizedRootGroup;
			path = QQTabBarControllerUITests;
			sourceTree = "<group>";
		};
/* End PBXFileSystemSynchronizedRootGroup section */

/* Begin PBXFrameworksBuildPhase section */
		183577B32F55582F00C6419E /* Frameworks */ = {
			isa = PBXFrameworksBuildPhase;
			buildActionMask = 2147483647;
			files = (
			);
			runOnlyForDeploymentPostprocessing = 0;
		};
		183577CE2F55583200C6419E /* Frameworks */ = {
			isa = PBXFrameworksBuildPhase;
			buildActionMask = 2147483647;
			files = (
			);
			runOnlyForDeploymentPostprocessing = 0;
		};
		183577D82F55583200C6419E /* Frameworks */ = {
			isa = PBXFrameworksBuildPhase;
			buildActionMask = 2147483647;
			files = (
			);
			runOnlyForDeploymentPostprocessing = 0;
		};
/* End PBXFrameworksBuildPhase section */

/* Begin PBXGroup section */
		183577AD2F55582F00C6419E = {
			isa = PBXGroup;
			children = (
				189643EE2FAD8E5D0077DD44 /* QQTabBarController */,
				183577D42F55583200C6419E /* QQTabBarControllerTests */,
				183577DE2F55583200C6419E /* QQTabBarControllerUITests */,
				183577B72F55582F00C6419E /* Products */,
			);
			sourceTree = "<group>";
		};
		183577B72F55582F00C6419E /* Products */ = {
			isa = PBXGroup;
			children = (
				183577B62F55582F00C6419E /* QQTabBarController.app */,
				183577D12F55583200C6419E /* QQTabBarControllerTests.xctest */,
				183577DB2F55583200C6419E /* QQTabBarControllerUITests.xctest */,
			);
			name = Products;
			sourceTree = "<group>";
		};
		189643D72FAD8E5D0077DD44 /* MainVC */ = {
			isa = PBXGroup;
			children = (
				189643D12FAD8E5D0077DD44 /* NNTabBar.h */,
				189643D22FAD8E5D0077DD44 /* NNTabBar.m */,
				189643D32FAD8E5D0077DD44 /* NNTabBarController.h */,
				189643D42FAD8E5D0077DD44 /* NNTabBarController.m */,
				189643D52FAD8E5D0077DD44 /* SystemTabBarController.h */,
				189643D62FAD8E5D0077DD44 /* SystemTabBarController.m */,
			);
			path = MainVC;
			sourceTree = "<group>";
		};
		189643E02FAD8E5D0077DD44 /* ObjcExample */ = {
			isa = PBXGroup;
			children = (
				189643D72FAD8E5D0077DD44 /* MainVC */,
				189643D82FAD8E5D0077DD44 /* ModalViewController.h */,
				189643D92FAD8E5D0077DD44 /* ModalViewController.m */,
				189643DA2FAD8E5D0077DD44 /* TabBarDemoViewController.h */,
				189643DB2FAD8E5D0077DD44 /* TabBarDemoViewController.m */,
				189643DC2FAD8E5D0077DD44 /* TableViewController.h */,
				189643DD2FAD8E5D0077DD44 /* TableViewController.m */,
				189643DE2FAD8E5D0077DD44 /* UIImage+Extension.h */,
				189643DF2FAD8E5D0077DD44 /* UIImage+Extension.m */,
			);
			path = ObjcExample;
			sourceTree = "<group>";
		};
		189643EE2FAD8E5D0077DD44 /* QQTabBarController */ = {
			isa = PBXGroup;
			children = (
				189643E02FAD8E5D0077DD44 /* ObjcExample */,
				189643E12FAD8E5D0077DD44 /* AppDelegate.h */,
				189643E22FAD8E5D0077DD44 /* AppDelegate.m */,
				189643E32FAD8E5D0077DD44 /* Assets.xcassets */,
				189643E42FAD8E5D0077DD44 /* Info.plist */,
				189643E62FAD8E5D0077DD44 /* LaunchScreen.storyboard */,
				189643E72FAD8E5D0077DD44 /* main.m */,
				189643E92FAD8E5D0077DD44 /* Main.storyboard */,
				189643EA2FAD8E5D0077DD44 /* SceneDelegate.h */,
				189643EB2FAD8E5D0077DD44 /* SceneDelegate.m */,
				189643EC2FAD8E5D0077DD44 /* ViewController.h */,
				189643ED2FAD8E5D0077DD44 /* ViewController.m */,
				189644142FAD8E6D0077DD44 /* QQTabBarController */,
			);
			path = QQTabBarController;
			sourceTree = "<group>";
		};
		189644062FAD8E6D0077DD44 /* QQTabBar */ = {
			isa = PBXGroup;
			children = (
				189643FE2FAD8E6D0077DD44 /* QQBadgeView.h */,
				189643FF2FAD8E6D0077DD44 /* QQBadgeView.m */,
				189644002FAD8E6D0077DD44 /* QQTabBar.h */,
				189644012FAD8E6D0077DD44 /* QQTabBar.m */,
				189644022FAD8E6D0077DD44 /* QQTabBarButton.h */,
				189644032FAD8E6D0077DD44 /* QQTabBarButton.m */,
				189644042FAD8E6D0077DD44 /* QQTabBarItem.h */,
				189644052FAD8E6D0077DD44 /* QQTabBarItem.m */,
			);
			path = QQTabBar;
			sourceTree = "<group>";
		};
		1896440F2FAD8E6D0077DD44 /* QQTabBarPrivate */ = {
			isa = PBXGroup;
			children = (
				189644072FAD8E6D0077DD44 /* _QQParallaxOverlayView.h */,
				189644082FAD8E6D0077DD44 /* _QQParallaxOverlayView.m */,
				189644092FAD8E6D0077DD44 /* _QQTabBarControllerTransitionAnimator.h */,
				1896440A2FAD8E6D0077DD44 /* _QQTabBarControllerTransitionAnimator.m */,
				1896440B2FAD8E6D0077DD44 /* _QQTabBarControllerTransitionContext.h */,
				1896440C2FAD8E6D0077DD44 /* _QQTabBarControllerTransitionContext.m */,
				1896440D2FAD8E6D0077DD44 /* UINavigationController+QQPrivate.h */,
				1896440E2FAD8E6D0077DD44 /* UINavigationController+QQPrivate.m */,
			);
			path = QQTabBarPrivate;
			sourceTree = "<group>";
		};
		189644142FAD8E6D0077DD44 /* QQTabBarController */ = {
			isa = PBXGroup;
			children = (
				189644062FAD8E6D0077DD44 /* QQTabBar */,
				1896440F2FAD8E6D0077DD44 /* QQTabBarPrivate */,
				189644102FAD8E6D0077DD44 /* QQTabBarController.h */,
				189644112FAD8E6D0077DD44 /* QQTabBarController.m */,
				189644122FAD8E6D0077DD44 /* YYTabBarController.h */,
				189644132FAD8E6D0077DD44 /* YYTabBarController.m */,
			);
			name = QQTabBarController;
			path = ../QQTabBarController;
			sourceTree = SOURCE_ROOT;
		};
/* End PBXGroup section */

/* Begin PBXNativeTarget section */
		183577B52F55582F00C6419E /* QQTabBarController */ = {
			isa = PBXNativeTarget;
			buildConfigurationList = 183577E42F55583200C6419E /* Build configuration list for PBXNativeTarget "QQTabBarController" */;
			buildPhases = (
				183577B22F55582F00C6419E /* Sources */,
				183577B32F55582F00C6419E /* Frameworks */,
				183577B42F55582F00C6419E /* Resources */,
			);
			buildRules = (
			);
			dependencies = (
			);
			name = QQTabBarController;
			packageProductDependencies = (
			);
			productName = QQTabBarController;
			productReference = 183577B62F55582F00C6419E /* QQTabBarController.app */;
			productType = "com.apple.product-type.application";
		};
		183577D02F55583200C6419E /* QQTabBarControllerTests */ = {
			isa = PBXNativeTarget;
			buildConfigurationList = 183577E92F55583200C6419E /* Build configuration list for PBXNativeTarget "QQTabBarControllerTests" */;
			buildPhases = (
				183577CD2F55583200C6419E /* Sources */,
				183577CE2F55583200C6419E /* Frameworks */,
				183577CF2F55583200C6419E /* Resources */,
			);
			buildRules = (
			);
			dependencies = (
				183577D32F55583200C6419E /* PBXTargetDependency */,
			);
			fileSystemSynchronizedGroups = (
				183577D42F55583200C6419E /* QQTabBarControllerTests */,
			);
			name = QQTabBarControllerTests;
			packageProductDependencies = (
			);
			productName = QQTabBarControllerTests;
			productReference = 183577D12F55583200C6419E /* QQTabBarControllerTests.xctest */;
			productType = "com.apple.product-type.bundle.unit-test";
		};
		183577DA2F55583200C6419E /* QQTabBarControllerUITests */ = {
			isa = PBXNativeTarget;
			buildConfigurationList = 183577EC2F55583200C6419E /* Build configuration list for PBXNativeTarget "QQTabBarControllerUITests" */;
			buildPhases = (
				183577D72F55583200C6419E /* Sources */,
				183577D82F55583200C6419E /* Frameworks */,
				183577D92F55583200C6419E /* Resources */,
			);
			buildRules = (
			);
			dependencies = (
				183577DD2F55583200C6419E /* PBXTargetDependency */,
			);
			fileSystemSynchronizedGroups = (
				183577DE2F55583200C6419E /* QQTabBarControllerUITests */,
			);
			name = QQTabBarControllerUITests;
			packageProductDependencies = (
			);
			productName = QQTabBarControllerUITests;
			productReference = 183577DB2F55583200C6419E /* QQTabBarControllerUITests.xctest */;
			productType = "com.apple.product-type.bundle.ui-testing";
		};
/* End PBXNativeTarget section */

/* Begin PBXProject section */
		183577AE2F55582F00C6419E /* Project object */ = {
			isa = PBXProject;
			attributes = {
				BuildIndependentTargetsInParallel = 1;
				LastUpgradeCheck = 2630;
				TargetAttributes = {
					183577B52F55582F00C6419E = {
						CreatedOnToolsVersion = 26.3;
					};
					183577D02F55583200C6419E = {
						CreatedOnToolsVersion = 26.3;
						TestTargetID = 183577B52F55582F00C6419E;
					};
					183577DA2F55583200C6419E = {
						CreatedOnToolsVersion = 26.3;
						TestTargetID = 183577B52F55582F00C6419E;
					};
				};
			};
			buildConfigurationList = 183577B12F55582F00C6419E /* Build configuration list for PBXProject "QQTabBarController" */;
			developmentRegion = en;
			hasScannedForEncodings = 0;
			knownRegions = (
				en,
				Base,
			);
			mainGroup = 183577AD2F55582F00C6419E;
			minimizedProjectReferenceProxies = 1;
			preferredProjectObjectVersion = 77;
			productRefGroup = 183577B72F55582F00C6419E /* Products */;
			projectDirPath = "";
			projectRoot = "";
			targets = (
				183577B52F55582F00C6419E /* QQTabBarController */,
				183577D02F55583200C6419E /* QQTabBarControllerTests */,
				183577DA2F55583200C6419E /* QQTabBarControllerUITests */,
			);
		};
/* End PBXProject section */

/* Begin PBXResourcesBuildPhase section */
		183577B42F55582F00C6419E /* Resources */ = {
			isa = PBXResourcesBuildPhase;
			buildActionMask = 2147483647;
			files = (
				189643EF2FAD8E5D0077DD44 /* Assets.xcassets in Resources */,
				189643F12FAD8E5D0077DD44 /* LaunchScreen.storyboard in Resources */,
				189643F22FAD8E5D0077DD44 /* Main.storyboard in Resources */,
			);
			runOnlyForDeploymentPostprocessing = 0;
		};
		183577CF2F55583200C6419E /* Resources */ = {
			isa = PBXResourcesBuildPhase;
			buildActionMask = 2147483647;
			files = (
			);
			runOnlyForDeploymentPostprocessing = 0;
		};
		183577D92F55583200C6419E /* Resources */ = {
			isa = PBXResourcesBuildPhase;
			buildActionMask = 2147483647;
			files = (
			);
			runOnlyForDeploymentPostprocessing = 0;
		};
/* End PBXResourcesBuildPhase section */

/* Begin PBXSourcesBuildPhase section */
		183577B22F55582F00C6419E /* Sources */ = {
			isa = PBXSourcesBuildPhase;
			buildActionMask = 2147483647;
			files = (
				189643F32FAD8E5D0077DD44 /* NNTabBar.m in Sources */,
				189643F42FAD8E5D0077DD44 /* NNTabBarController.m in Sources */,
				189643F52FAD8E5D0077DD44 /* SystemTabBarController.m in Sources */,
				189643F62FAD8E5D0077DD44 /* ModalViewController.m in Sources */,
				189644152FAD8E6D0077DD44 /* _QQTabBarControllerTransitionAnimator.m in Sources */,
				189644162FAD8E6D0077DD44 /* QQTabBarButton.m in Sources */,
				189644172FAD8E6D0077DD44 /* QQTabBar.m in Sources */,
				189644182FAD8E6D0077DD44 /* _QQTabBarControllerTransitionContext.m in Sources */,
				189644192FAD8E6D0077DD44 /* QQTabBarController.m in Sources */,
				1896441A2FAD8E6D0077DD44 /* QQTabBarItem.m in Sources */,
				1896441B2FAD8E6D0077DD44 /* YYTabBarController.m in Sources */,
				1896441C2FAD8E6D0077DD44 /* UINavigationController+QQPrivate.m in Sources */,
				1896441D2FAD8E6D0077DD44 /* _QQParallaxOverlayView.m in Sources */,
				1896441E2FAD8E6D0077DD44 /* QQBadgeView.m in Sources */,
				189643F72FAD8E5D0077DD44 /* TabBarDemoViewController.m in Sources */,
				189643F82FAD8E5D0077DD44 /* TableViewController.m in Sources */,
				189643F92FAD8E5D0077DD44 /* UIImage+Extension.m in Sources */,
				189643FA2FAD8E5D0077DD44 /* AppDelegate.m in Sources */,
				189643FB2FAD8E5D0077DD44 /* main.m in Sources */,
				189643FC2FAD8E5D0077DD44 /* SceneDelegate.m in Sources */,
				189643FD2FAD8E5D0077DD44 /* ViewController.m in Sources */,
			);
			runOnlyForDeploymentPostprocessing = 0;
		};
		183577CD2F55583200C6419E /* Sources */ = {
			isa = PBXSourcesBuildPhase;
			buildActionMask = 2147483647;
			files = (
			);
			runOnlyForDeploymentPostprocessing = 0;
		};
		183577D72F55583200C6419E /* Sources */ = {
			isa = PBXSourcesBuildPhase;
			buildActionMask = 2147483647;
			files = (
			);
			runOnlyForDeploymentPostprocessing = 0;
		};
/* End PBXSourcesBuildPhase section */

/* Begin PBXTargetDependency section */
		183577D32F55583200C6419E /* PBXTargetDependency */ = {
			isa = PBXTargetDependency;
			target = 183577B52F55582F00C6419E /* QQTabBarController */;
			targetProxy = 183577D22F55583200C6419E /* PBXContainerItemProxy */;
		};
		183577DD2F55583200C6419E /* PBXTargetDependency */ = {
			isa = PBXTargetDependency;
			target = 183577B52F55582F00C6419E /* QQTabBarController */;
			targetProxy = 183577DC2F55583200C6419E /* PBXContainerItemProxy */;
		};
/* End PBXTargetDependency section */

/* Begin PBXVariantGroup section */
		189643E62FAD8E5D0077DD44 /* LaunchScreen.storyboard */ = {
			isa = PBXVariantGroup;
			children = (
				189643E52FAD8E5D0077DD44 /* Base */,
			);
			name = LaunchScreen.storyboard;
			sourceTree = "<group>";
		};
		189643E92FAD8E5D0077DD44 /* Main.storyboard */ = {
			isa = PBXVariantGroup;
			children = (
				189643E82FAD8E5D0077DD44 /* Base */,
			);
			name = Main.storyboard;
			sourceTree = "<group>";
		};
/* End PBXVariantGroup section */

/* Begin XCBuildConfiguration section */
		183577E52F55583200C6419E /* Debug */ = {
			isa = XCBuildConfiguration;
			buildSettings = {
				ASSETCATALOG_COMPILER_APPICON_NAME = AppIcon;
				ASSETCATALOG_COMPILER_GLOBAL_ACCENT_COLOR_NAME = AccentColor;
				CODE_SIGN_STYLE = Automatic;
				CURRENT_PROJECT_VERSION = 1;
				DEVELOPMENT_TEAM = VB7MJDUYUF;
				GENERATE_INFOPLIST_FILE = YES;
				INFOPLIST_FILE = QQTabBarController/Info.plist;
				INFOPLIST_KEY_UIApplicationSupportsIndirectInputEvents = YES;
				INFOPLIST_KEY_UILaunchStoryboardName = LaunchScreen;
				INFOPLIST_KEY_UIMainStoryboardFile = Main;
				INFOPLIST_KEY_UISupportedInterfaceOrientations_iPad = "UIInterfaceOrientationPortrait UIInterfaceOrientationPortraitUpsideDown UIInterfaceOrientationLandscapeLeft UIInterfaceOrientationLandscapeRight";
				INFOPLIST_KEY_UISupportedInterfaceOrientations_iPhone = "UIInterfaceOrientationPortrait UIInterfaceOrientationLandscapeLeft UIInterfaceOrientationLandscapeRight";
				IPHONEOS_DEPLOYMENT_TARGET = 13.0;
				LD_RUNPATH_SEARCH_PATHS = (
					"$(inherited)",
					"@executable_path/Frameworks",
				);
				MARKETING_VERSION = 1.0;
				PRODUCT_BUNDLE_IDENTIFIER = com.xuze.demo;
				PRODUCT_NAME = "$(TARGET_NAME)";
				STRING_CATALOG_GENERATE_SYMBOLS = YES;
				SWIFT_EMIT_LOC_STRINGS = YES;
				TARGETED_DEVICE_FAMILY = "1,2";
			};
			name = Debug;
		};
		183577E62F55583200C6419E /* Release */ = {
			isa = XCBuildConfiguration;
			buildSettings = {
				ASSETCATALOG_COMPILER_APPICON_NAME = AppIcon;
				ASSETCATALOG_COMPILER_GLOBAL_ACCENT_COLOR_NAME = AccentColor;
				CODE_SIGN_STYLE = Automatic;
				CURRENT_PROJECT_VERSION = 1;
				DEVELOPMENT_TEAM = VB7MJDUYUF;
				GENERATE_INFOPLIST_FILE = YES;
				INFOPLIST_FILE = QQTabBarController/Info.plist;
				INFOPLIST_KEY_UIApplicationSupportsIndirectInputEvents = YES;
				INFOPLIST_KEY_UILaunchStoryboardName = LaunchScreen;
				INFOPLIST_KEY_UIMainStoryboardFile = Main;
				INFOPLIST_KEY_UISupportedInterfaceOrientations_iPad = "UIInterfaceOrientationPortrait UIInterfaceOrientationPortraitUpsideDown UIInterfaceOrientationLandscapeLeft UIInterfaceOrientationLandscapeRight";
				INFOPLIST_KEY_UISupportedInterfaceOrientations_iPhone = "UIInterfaceOrientationPortrait UIInterfaceOrientationLandscapeLeft UIInterfaceOrientationLandscapeRight";
				IPHONEOS_DEPLOYMENT_TARGET = 13.0;
				LD_RUNPATH_SEARCH_PATHS = (
					"$(inherited)",
					"@executable_path/Frameworks",
				);
				MARKETING_VERSION = 1.0;
				PRODUCT_BUNDLE_IDENTIFIER = com.xuze.demo;
				PRODUCT_NAME = "$(TARGET_NAME)";
				STRING_CATALOG_GENERATE_SYMBOLS = YES;
				SWIFT_EMIT_LOC_STRINGS = YES;
				TARGETED_DEVICE_FAMILY = "1,2";
			};
			name = Release;
		};
		183577E72F55583200C6419E /* Debug */ = {
			isa = XCBuildConfiguration;
			buildSettings = {
				ALWAYS_SEARCH_USER_PATHS = NO;
				ASSETCATALOG_COMPILER_GENERATE_SWIFT_ASSET_SYMBOL_EXTENSIONS = YES;
				CLANG_ANALYZER_NONNULL = YES;
				CLANG_ANALYZER_NUMBER_OBJECT_CONVERSION = YES_AGGRESSIVE;
				CLANG_CXX_LANGUAGE_STANDARD = "gnu++20";
				CLANG_ENABLE_MODULES = YES;
				CLANG_ENABLE_OBJC_ARC = YES;
				CLANG_ENABLE_OBJC_WEAK = YES;
				CLANG_WARN_BLOCK_CAPTURE_AUTORELEASING = YES;
				CLANG_WARN_BOOL_CONVERSION = YES;
				CLANG_WARN_COMMA = YES;
				CLANG_WARN_CONSTANT_CONVERSION = YES;
				CLANG_WARN_DEPRECATED_OBJC_IMPLEMENTATIONS = YES;
				CLANG_WARN_DIRECT_OBJC_ISA_USAGE = YES_ERROR;
				CLANG_WARN_DOCUMENTATION_COMMENTS = YES;
				CLANG_WARN_EMPTY_BODY = YES;
				CLANG_WARN_ENUM_CONVERSION = YES;
				CLANG_WARN_INFINITE_RECURSION = YES;
				CLANG_WARN_INT_CONVERSION = YES;
				CLANG_WARN_NON_LITERAL_NULL_CONVERSION = YES;
				CLANG_WARN_OBJC_IMPLICIT_RETAIN_SELF = YES;
				CLANG_WARN_OBJC_LITERAL_CONVERSION = YES;
				CLANG_WARN_OBJC_ROOT_CLASS = YES_ERROR;
				CLANG_WARN_QUOTED_INCLUDE_IN_FRAMEWORK_HEADER = YES;
				CLANG_WARN_RANGE_LOOP_ANALYSIS = YES;
				CLANG_WARN_STRICT_PROTOTYPES = YES;
				CLANG_WARN_SUSPICIOUS_MOVE = YES;
				CLANG_WARN_UNGUARDED_AVAILABILITY = YES_AGGRESSIVE;
				CLANG_WARN_UNREACHABLE_CODE = YES;
				CLANG_WARN__DUPLICATE_METHOD_MATCH = YES;
				COPY_PHASE_STRIP = NO;
				DEBUG_INFORMATION_FORMAT = dwarf;
				ENABLE_STRICT_OBJC_MSGSEND = YES;
				ENABLE_TESTABILITY = YES;
				ENABLE_USER_SCRIPT_SANDBOXING = YES;
				GCC_C_LANGUAGE_STANDARD = gnu17;
				GCC_DYNAMIC_NO_PIC = NO;
				GCC_NO_COMMON_BLOCKS = YES;
				GCC_OPTIMIZATION_LEVEL = 0;
				GCC_PREPROCESSOR_DEFINITIONS = (
					"DEBUG=1",
					"$(inherited)",
				);
				GCC_WARN_64_TO_32_BIT_CONVERSION = YES;
				GCC_WARN_ABOUT_RETURN_TYPE = YES_ERROR;
				GCC_WARN_UNDECLARED_SELECTOR = YES;
				GCC_WARN_UNINITIALIZED_AUTOS = YES_AGGRESSIVE;
				GCC_WARN_UNUSED_FUNCTION = YES;
				GCC_WARN_UNUSED_VARIABLE = YES;
				IPHONEOS_DEPLOYMENT_TARGET = 26.2;
				LOCALIZATION_PREFERS_STRING_CATALOGS = YES;
				MTL_ENABLE_DEBUG_INFO = INCLUDE_SOURCE;
				MTL_FAST_MATH = YES;
				ONLY_ACTIVE_ARCH = YES;
				SDKROOT = iphoneos;
			};
			name = Debug;
		};
		183577E82F55583200C6419E /* Release */ = {
			isa = XCBuildConfiguration;
			buildSettings = {
				ALWAYS_SEARCH_USER_PATHS = NO;
				ASSETCATALOG_COMPILER_GENERATE_SWIFT_ASSET_SYMBOL_EXTENSIONS = YES;
				CLANG_ANALYZER_NONNULL = YES;
				CLANG_ANALYZER_NUMBER_OBJECT_CONVERSION = YES_AGGRESSIVE;
				CLANG_CXX_LANGUAGE_STANDARD = "gnu++20";
				CLANG_ENABLE_MODULES = YES;
				CLANG_ENABLE_OBJC_ARC = YES;
				CLANG_ENABLE_OBJC_WEAK = YES;
				CLANG_WARN_BLOCK_CAPTURE_AUTORELEASING = YES;
				CLANG_WARN_BOOL_CONVERSION = YES;
				CLANG_WARN_COMMA = YES;
				CLANG_WARN_CONSTANT_CONVERSION = YES;
				CLANG_WARN_DEPRECATED_OBJC_IMPLEMENTATIONS = YES;
				CLANG_WARN_DIRECT_OBJC_ISA_USAGE = YES_ERROR;
				CLANG_WARN_DOCUMENTATION_COMMENTS = YES;
				CLANG_WARN_EMPTY_BODY = YES;
				CLANG_WARN_ENUM_CONVERSION = YES;
				CLANG_WARN_INFINITE_RECURSION = YES;
				CLANG_WARN_INT_CONVERSION = YES;
				CLANG_WARN_NON_LITERAL_NULL_CONVERSION = YES;
				CLANG_WARN_OBJC_IMPLICIT_RETAIN_SELF = YES;
				CLANG_WARN_OBJC_LITERAL_CONVERSION = YES;
				CLANG_WARN_OBJC_ROOT_CLASS = YES_ERROR;
				CLANG_WARN_QUOTED_INCLUDE_IN_FRAMEWORK_HEADER = YES;
				CLANG_WARN_RANGE_LOOP_ANALYSIS = YES;
				CLANG_WARN_STRICT_PROTOTYPES = YES;
				CLANG_WARN_SUSPICIOUS_MOVE = YES;
				CLANG_WARN_UNGUARDED_AVAILABILITY = YES_AGGRESSIVE;
				CLANG_WARN_UNREACHABLE_CODE = YES;
				CLANG_WARN__DUPLICATE_METHOD_MATCH = YES;
				COPY_PHASE_STRIP = NO;
				DEBUG_INFORMATION_FORMAT = "dwarf-with-dsym";
				ENABLE_NS_ASSERTIONS = NO;
				ENABLE_STRICT_OBJC_MSGSEND = YES;
				ENABLE_USER_SCRIPT_SANDBOXING = YES;
				GCC_C_LANGUAGE_STANDARD = gnu17;
				GCC_NO_COMMON_BLOCKS = YES;
				GCC_WARN_64_TO_32_BIT_CONVERSION = YES;
				GCC_WARN_ABOUT_RETURN_TYPE = YES_ERROR;
				GCC_WARN_UNDECLARED_SELECTOR = YES;
				GCC_WARN_UNINITIALIZED_AUTOS = YES_AGGRESSIVE;
				GCC_WARN_UNUSED_FUNCTION = YES;
				GCC_WARN_UNUSED_VARIABLE = YES;
				IPHONEOS_DEPLOYMENT_TARGET = 26.2;
				LOCALIZATION_PREFERS_STRING_CATALOGS = YES;
				MTL_ENABLE_DEBUG_INFO = NO;
				MTL_FAST_MATH = YES;
				SDKROOT = iphoneos;
				VALIDATE_PRODUCT = YES;
			};
			name = Release;
		};
		183577EA2F55583200C6419E /* Debug */ = {
			isa = XCBuildConfiguration;
			buildSettings = {
				BUNDLE_LOADER = "$(TEST_HOST)";
				CODE_SIGN_STYLE = Automatic;
				CURRENT_PROJECT_VERSION = 1;
				GENERATE_INFOPLIST_FILE = YES;
				IPHONEOS_DEPLOYMENT_TARGET = 26.2;
				MARKETING_VERSION = 1.0;
				PRODUCT_BUNDLE_IDENTIFIER = com.xuze.demo.QQTabBarControllerTests;
				PRODUCT_NAME = "$(TARGET_NAME)";
				STRING_CATALOG_GENERATE_SYMBOLS = NO;
				SWIFT_EMIT_LOC_STRINGS = NO;
				TARGETED_DEVICE_FAMILY = "1,2";
				TEST_HOST = "$(BUILT_PRODUCTS_DIR)/QQTabBarController.app/$(BUNDLE_EXECUTABLE_FOLDER_PATH)/QQTabBarController";
			};
			name = Debug;
		};
		183577EB2F55583200C6419E /* Release */ = {
			isa = XCBuildConfiguration;
			buildSettings = {
				BUNDLE_LOADER = "$(TEST_HOST)";
				CODE_SIGN_STYLE = Automatic;
				CURRENT_PROJECT_VERSION = 1;
				GENERATE_INFOPLIST_FILE = YES;
				IPHONEOS_DEPLOYMENT_TARGET = 26.2;
				MARKETING_VERSION = 1.0;
				PRODUCT_BUNDLE_IDENTIFIER = com.xuze.demo.QQTabBarControllerTests;
				PRODUCT_NAME = "$(TARGET_NAME)";
				STRING_CATALOG_GENERATE_SYMBOLS = NO;
				SWIFT_EMIT_LOC_STRINGS = NO;
				TARGETED_DEVICE_FAMILY = "1,2";
				TEST_HOST = "$(BUILT_PRODUCTS_DIR)/QQTabBarController.app/$(BUNDLE_EXECUTABLE_FOLDER_PATH)/QQTabBarController";
			};
			name = Release;
		};
		183577ED2F55583200C6419E /* Debug */ = {
			isa = XCBuildConfiguration;
			buildSettings = {
				CODE_SIGN_STYLE = Automatic;
				CURRENT_PROJECT_VERSION = 1;
				GENERATE_INFOPLIST_FILE = YES;
				MARKETING_VERSION = 1.0;
				PRODUCT_BUNDLE_IDENTIFIER = com.xuze.demo.QQTabBarControllerUITests;
				PRODUCT_NAME = "$(TARGET_NAME)";
				STRING_CATALOG_GENERATE_SYMBOLS = NO;
				SWIFT_EMIT_LOC_STRINGS = NO;
				TARGETED_DEVICE_FAMILY = "1,2";
				TEST_TARGET_NAME = QQTabBarController;
			};
			name = Debug;
		};
		183577EE2F55583200C6419E /* Release */ = {
			isa = XCBuildConfiguration;
			buildSettings = {
				CODE_SIGN_STYLE = Automatic;
				CURRENT_PROJECT_VERSION = 1;
				GENERATE_INFOPLIST_FILE = YES;
				MARKETING_VERSION = 1.0;
				PRODUCT_BUNDLE_IDENTIFIER = com.xuze.demo.QQTabBarControllerUITests;
				PRODUCT_NAME = "$(TARGET_NAME)";
				STRING_CATALOG_GENERATE_SYMBOLS = NO;
				SWIFT_EMIT_LOC_STRINGS = NO;
				TARGETED_DEVICE_FAMILY = "1,2";
				TEST_TARGET_NAME = QQTabBarController;
			};
			name = Release;
		};
/* End XCBuildConfiguration section */

/* Begin XCConfigurationList section */
		183577B12F55582F00C6419E /* Build configuration list for PBXProject "QQTabBarController" */ = {
			isa = XCConfigurationList;
			buildConfigurations = (
				183577E72F55583200C6419E /* Debug */,
				183577E82F55583200C6419E /* Release */,
			);
			defaultConfigurationIsVisible = 0;
			defaultConfigurationName = Release;
		};
		183577E42F55583200C6419E /* Build configuration list for PBXNativeTarget "QQTabBarController" */ = {
			isa = XCConfigurationList;
			buildConfigurations = (
				183577E52F55583200C6419E /* Debug */,
				183577E62F55583200C6419E /* Release */,
			);
			defaultConfigurationIsVisible = 0;
			defaultConfigurationName = Release;
		};
		183577E92F55583200C6419E /* Build configuration list for PBXNativeTarget "QQTabBarControllerTests" */ = {
			isa = XCConfigurationList;
			buildConfigurations = (
				183577EA2F55583200C6419E /* Debug */,
				183577EB2F55583200C6419E /* Release */,
			);
			defaultConfigurationIsVisible = 0;
			defaultConfigurationName = Release;
		};
		183577EC2F55583200C6419E /* Build configuration list for PBXNativeTarget "QQTabBarControllerUITests" */ = {
			isa = XCConfigurationList;
			buildConfigurations = (
				183577ED2F55583200C6419E /* Debug */,
				183577EE2F55583200C6419E /* Release */,
			);
			defaultConfigurationIsVisible = 0;
			defaultConfigurationName = Release;
		};
/* End XCConfigurationList section */
	};
	rootObject = 183577AE2F55582F00C6419E /* Project object */;
}
